PODS:
  - background_fetch (0.1.1):
    - Flutter
  - Flutter (1.0.0)
  - shared_preferences (0.0.1):
    - Flutter

DEPENDENCIES:
  - background_fetch (from `.symlinks/plugins/background_fetch/ios`)
  - Flutter (from `.symlinks/flutter/ios`)
  - shared_preferences (from `.symlinks/plugins/shared_preferences/ios`)

EXTERNAL SOURCES:
  background_fetch:
    :path: ".symlinks/plugins/background_fetch/ios"
  Flutter:
    :path: ".symlinks/flutter/ios"
  shared_preferences:
    :path: ".symlinks/plugins/shared_preferences/ios"

SPEC CHECKSUMS:
  background_fetch: 385552e57d3bde2c7a3abd6b1edc76b87823b6c4
  Flutter: 58dd7d1b27887414a370fcccb9e645c08ffd7a6a
  shared_preferences: 1feebfa37bb57264736e16865e7ffae7fc99b523

PODFILE CHECKSUM: e8988baac3a50f787b9d3ed7ca44957b442f92a7

COCOAPODS: 1.6.1
